// !$*UTF8*$!
{
	archiveVersion = 1;
	classes = {
	};
	objectVersion = 50;
	objects = {

/* Begin PBXBuildFile section */
		2F036B5C22B3844D00DEDD3B /* test_video1.mp4 in Resources */ = {isa = PBXBuildFile; fileRef = 2F036B5B22B3844D00DEDD3B /* test_video1.mp4 */; };
		2F3C1BFC22B08C3300F16EF3 /* JJAdConfig.swift in Sources */ = {isa = PBXBuildFile; fileRef = 2F3C1BFB22B08C3300F16EF3 /* JJAdConfig.swift */; };
		2F84F85C22A8F03C005BAAFC /* JJCommonFunc.swift in Sources */ = {isa = PBXBuildFile; fileRef = 2F84F85B22A8F03C005BAAFC /* JJCommonFunc.swift */; };
		2F84F85E22A8FE85005BAAFC /* JJAdCache.swift in Sources */ = {isa = PBXBuildFile; fileRef = 2F84F85D22A8FE85005BAAFC /* JJAdCache.swift */; };
		2F875D9A22AE386D008B3EB7 /* JJAdModel.swift in Sources */ = {isa = PBXBuildFile; fileRef = 2F875D9922AE386D008B3EB7 /* JJAdModel.swift */; };
		2F9FA3EB22B1F6D800807DD8 /* test_video.mp4 in Resources */ = {isa = PBXBuildFile; fileRef = 2F3C1BFD22B0DFE100F16EF3 /* test_video.mp4 */; };
		2F9FA3F422B22BF500807DD8 /* JJAdViewController.swift in Sources */ = {isa = PBXBuildFile; fileRef = 2F9FA3F222B22BF500807DD8 /* JJAdViewController.swift */; };
		2F9FA3F522B22BF500807DD8 /* JJAdViewController.xib in Resources */ = {isa = PBXBuildFile; fileRef = 2F9FA3F322B22BF500807DD8 /* JJAdViewController.xib */; };
		2FF4E2E422AF93A000472B79 /* JJExtension.swift in Sources */ = {isa = PBXBuildFile; fileRef = 2FF4E2E322AF93A000472B79 /* JJExtension.swift */; };
		2FF9DB5F22A763CC00307460 /* AppDelegate.swift in Sources */ = {isa = PBXBuildFile; fileRef = 2FF9DB5E22A763CC00307460 /* AppDelegate.swift */; };
		2FF9DB6122A763CC00307460 /* ViewController.swift in Sources */ = {isa = PBXBuildFile; fileRef = 2FF9DB6022A763CC00307460 /* ViewController.swift */; };
		2FF9DB6422A763CC00307460 /* Main.storyboard in Resources */ = {isa = PBXBuildFile; fileRef = 2FF9DB6222A763CC00307460 /* Main.storyboard */; };
		2FF9DB6622A763CD00307460 /* Assets.xcassets in Resources */ = {isa = PBXBuildFile; fileRef = 2FF9DB6522A763CD00307460 /* Assets.xcassets */; };
		2FF9DB6922A763CD00307460 /* LaunchScreen.storyboard in Resources */ = {isa = PBXBuildFile; fileRef = 2FF9DB6722A763CD00307460 /* LaunchScreen.storyboard */; };
		2FF9DB7422A7671200307460 /* JJCommonConstant.swift in Sources */ = {isa = PBXBuildFile; fileRef = 2FF9DB7322A7671200307460 /* JJCommonConstant.swift */; };
		2FF9DB7622A7683A00307460 /* JJDeviceConstant.swift in Sources */ = {isa = PBXBuildFile; fileRef = 2FF9DB7522A7683A00307460 /* JJDeviceConstant.swift */; };
		2FF9DB7922A7693800307460 /* JJAdLauncher.swift in Sources */ = {isa = PBXBuildFile; fileRef = 2FF9DB7822A7693800307460 /* JJAdLauncher.swift */; };
		2FF9DB7D22A7A66E00307460 /* JJNotificationConstant.swift in Sources */ = {isa = PBXBuildFile; fileRef = 2FF9DB7C22A7A66E00307460 /* JJNotificationConstant.swift */; };
		46603BB133095CA5B854A3BD /* Pods_JJToolKit.framework in Frameworks */ = {isa = PBXBuildFile; fileRef = DC65911EBCF2217EE6FCFAB9 /* Pods_JJToolKit.framework */; };
/* End PBXBuildFile section */

/* Begin PBXFileReference section */
		130C7A673EAB1C496A87968B /* Pods-JJToolKit.release.xcconfig */ = {isa = PBXFileReference; includeInIndex = 1; lastKnownFileType = text.xcconfig; name = "Pods-JJToolKit.release.xcconfig"; path = "Pods/Target Support Files/Pods-JJToolKit/Pods-JJToolKit.release.xcconfig"; sourceTree = "<group>"; };
		2F036B5B22B3844D00DEDD3B /* test_video1.mp4 */ = {isa = PBXFileReference; lastKnownFileType = file; path = test_video1.mp4; sourceTree = "<group>"; };
		2F3C1BFB22B08C3300F16EF3 /* JJAdConfig.swift */ = {isa = PBXFileReference; lastKnownFileType = sourcecode.swift; path = JJAdConfig.swift; sourceTree = "<group>"; };
		2F3C1BFD22B0DFE100F16EF3 /* test_video.mp4 */ = {isa = PBXFileReference; lastKnownFileType = file; path = test_video.mp4; sourceTree = "<group>"; };
		2F84F85B22A8F03C005BAAFC /* JJCommonFunc.swift */ = {isa = PBXFileReference; lastKnownFileType = sourcecode.swift; path = JJCommonFunc.swift; sourceTree = "<group>"; };
		2F84F85D22A8FE85005BAAFC /* JJAdCache.swift */ = {isa = PBXFileReference; lastKnownFileType = sourcecode.swift; path = JJAdCache.swift; sourceTree = "<group>"; };
		2F875D9922AE386D008B3EB7 /* JJAdModel.swift */ = {isa = PBXFileReference; lastKnownFileType = sourcecode.swift; path = JJAdModel.swift; sourceTree = "<group>"; };
		2F9FA3F222B22BF500807DD8 /* JJAdViewController.swift */ = {isa = PBXFileReference; lastKnownFileType = sourcecode.swift; path = JJAdViewController.swift; sourceTree = "<group>"; };
		2F9FA3F322B22BF500807DD8 /* JJAdViewController.xib */ = {isa = PBXFileReference; lastKnownFileType = file.xib; path = JJAdViewController.xib; sourceTree = "<group>"; };
		2FF4E2E322AF93A000472B79 /* JJExtension.swift */ = {isa = PBXFileReference; lastKnownFileType = sourcecode.swift; path = JJExtension.swift; sourceTree = "<group>"; };
		2FF9DB5B22A763CC00307460 /* JJToolKit.app */ = {isa = PBXFileReference; explicitFileType = wrapper.application; includeInIndex = 0; path = JJToolKit.app; sourceTree = BUILT_PRODUCTS_DIR; };
		2FF9DB5E22A763CC00307460 /* AppDelegate.swift */ = {isa = PBXFileReference; lastKnownFileType = sourcecode.swift; path = AppDelegate.swift; sourceTree = "<group>"; };
		2FF9DB6022A763CC00307460 /* ViewController.swift */ = {isa = PBXFileReference; lastKnownFileType = sourcecode.swift; path = ViewController.swift; sourceTree = "<group>"; };
		2FF9DB6322A763CC00307460 /* Base */ = {isa = PBXFileReference; lastKnownFileType = file.storyboard; name = Base; path = Base.lproj/Main.storyboard; sourceTree = "<group>"; };
		2FF9DB6522A763CD00307460 /* Assets.xcassets */ = {isa = PBXFileReference; lastKnownFileType = folder.assetcatalog; path = Assets.xcassets; sourceTree = "<group>"; };
		2FF9DB6822A763CD00307460 /* Base */ = {isa = PBXFileReference; lastKnownFileType = file.storyboard; name = Base; path = Base.lproj/LaunchScreen.storyboard; sourceTree = "<group>"; };
		2FF9DB6A22A763CD00307460 /* Info.plist */ = {isa = PBXFileReference; lastKnownFileType = text.plist.xml; path = Info.plist; sourceTree = "<group>"; };
		2FF9DB7322A7671200307460 /* JJCommonConstant.swift */ = {isa = PBXFileReference; lastKnownFileType = sourcecode.swift; path = JJCommonConstant.swift; sourceTree = "<group>"; };
		2FF9DB7522A7683A00307460 /* JJDeviceConstant.swift */ = {isa = PBXFileReference; lastKnownFileType = sourcecode.swift; path = JJDeviceConstant.swift; sourceTree = "<group>"; };
		2FF9DB7822A7693800307460 /* JJAdLauncher.swift */ = {isa = PBXFileReference; lastKnownFileType = sourcecode.swift; path = JJAdLauncher.swift; sourceTree = "<group>"; };
		2FF9DB7C22A7A66E00307460 /* JJNotificationConstant.swift */ = {isa = PBXFileReference; lastKnownFileType = sourcecode.swift; path = JJNotificationConstant.swift; sourceTree = "<group>"; };
		7213080577E5E6BAB6FA1D6C /* Pods-JJToolKit.debug.xcconfig */ = {isa = PBXFileReference; includeInIndex = 1; lastKnownFileType = text.xcconfig; name = "Pods-JJToolKit.debug.xcconfig"; path = "Pods/Target Support Files/Pods-JJToolKit/Pods-JJToolKit.debug.xcconfig"; sourceTree = "<group>"; };
		DC65911EBCF2217EE6FCFAB9 /* Pods_JJToolKit.framework */ = {isa = PBXFileReference; explicitFileType = wrapper.framework; includeInIndex = 0; path = Pods_JJToolKit.framework; sourceTree = BUILT_PRODUCTS_DIR; };
/* End PBXFileReference section */

/* Begin PBXFrameworksBuildPhase section */
		2FF9DB5822A763CC00307460 /* Frameworks */ = {
			isa = PBXFrameworksBuildPhase;
			buildActionMask = 2147483647;
			files = (
				46603BB133095CA5B854A3BD /* Pods_JJToolKit.framework in Frameworks */,
			);
			runOnlyForDeploymentPostprocessing = 0;
		};
/* End PBXFrameworksBuildPhase section */

/* Begin PBXGroup section */
		022AC6564D4C358BC780A2E9 /* Pods */ = {
			isa = PBXGroup;
			children = (
				7213080577E5E6BAB6FA1D6C /* Pods-JJToolKit.debug.xcconfig */,
				130C7A673EAB1C496A87968B /* Pods-JJToolKit.release.xcconfig */,
			);
			name = Pods;
			sourceTree = "<group>";
		};
		2F84F85A22A8F02A005BAAFC /* JJCommonFunc */ = {
			isa = PBXGroup;
			children = (
				2F84F85B22A8F03C005BAAFC /* JJCommonFunc.swift */,
			);
			path = JJCommonFunc;
			sourceTree = "<group>";
		};
		2FF4E2E222AF92BC00472B79 /* JJExtension */ = {
			isa = PBXGroup;
			children = (
				2FF4E2E322AF93A000472B79 /* JJExtension.swift */,
			);
			path = JJExtension;
			sourceTree = "<group>";
		};
		2FF9DB5222A763CC00307460 = {
			isa = PBXGroup;
			children = (
				2FF9DB5D22A763CC00307460 /* JJToolKit */,
				2FF9DB5C22A763CC00307460 /* Products */,
				022AC6564D4C358BC780A2E9 /* Pods */,
				42FFE1E2B171584C90EC6CAE /* Frameworks */,
			);
			sourceTree = "<group>";
		};
		2FF9DB5C22A763CC00307460 /* Products */ = {
			isa = PBXGroup;
			children = (
				2FF9DB5B22A763CC00307460 /* JJToolKit.app */,
			);
			name = Products;
			sourceTree = "<group>";
		};
		2FF9DB5D22A763CC00307460 /* JJToolKit */ = {
			isa = PBXGroup;
			children = (
				2FF9DB5E22A763CC00307460 /* AppDelegate.swift */,
				2FF9DB7122A765AA00307460 /* ViewController */,
				2FF9DB7022A7657700307460 /* UI */,
				2FF9DB7722A7691B00307460 /* JJAdLauncher */,
				2FF9DB7222A766AA00307460 /* JJConstants */,
				2F84F85A22A8F02A005BAAFC /* JJCommonFunc */,
				2FF4E2E222AF92BC00472B79 /* JJExtension */,
				2FF9DB6522A763CD00307460 /* Assets.xcassets */,
				2F3C1BFD22B0DFE100F16EF3 /* test_video.mp4 */,
				2F036B5B22B3844D00DEDD3B /* test_video1.mp4 */,
				2FF9DB6A22A763CD00307460 /* Info.plist */,
			);
			path = JJToolKit;
			sourceTree = "<group>";
		};
		2FF9DB7022A7657700307460 /* UI */ = {
			isa = PBXGroup;
			children = (
				2FF9DB6222A763CC00307460 /* Main.storyboard */,
				2FF9DB6722A763CD00307460 /* LaunchScreen.storyboard */,
			);
			path = UI;
			sourceTree = "<group>";
		};
		2FF9DB7122A765AA00307460 /* ViewController */ = {
			isa = PBXGroup;
			children = (
				2FF9DB6022A763CC00307460 /* ViewController.swift */,
			);
			path = ViewController;
			sourceTree = "<group>";
		};
		2FF9DB7222A766AA00307460 /* JJConstants */ = {
			isa = PBXGroup;
			children = (
				2FF9DB7322A7671200307460 /* JJCommonConstant.swift */,
				2FF9DB7522A7683A00307460 /* JJDeviceConstant.swift */,
				2FF9DB7C22A7A66E00307460 /* JJNotificationConstant.swift */,
			);
			path = JJConstants;
			sourceTree = "<group>";
		};
		2FF9DB7722A7691B00307460 /* JJAdLauncher */ = {
			isa = PBXGroup;
			children = (
				2FF9DB7822A7693800307460 /* JJAdLauncher.swift */,
				2F84F85D22A8FE85005BAAFC /* JJAdCache.swift */,
				2F875D9922AE386D008B3EB7 /* JJAdModel.swift */,
				2F3C1BFB22B08C3300F16EF3 /* JJAdConfig.swift */,
				2F9FA3F222B22BF500807DD8 /* JJAdViewController.swift */,
				2F9FA3F322B22BF500807DD8 /* JJAdViewController.xib */,
			);
			path = JJAdLauncher;
			sourceTree = "<group>";
		};
		42FFE1E2B171584C90EC6CAE /* Frameworks */ = {
			isa = PBXGroup;
			children = (
				DC65911EBCF2217EE6FCFAB9 /* Pods_JJToolKit.framework */,
			);
			name = Frameworks;
			sourceTree = "<group>";
		};
/* End PBXGroup section */

/* Begin PBXNativeTarget section */
		2FF9DB5A22A763CC00307460 /* JJToolKit */ = {
			isa = PBXNativeTarget;
			buildConfigurationList = 2FF9DB6D22A763CD00307460 /* Build configuration list for PBXNativeTarget "JJToolKit" */;
			buildPhases = (
				F63F0176DB450B8CE60E0474 /* [CP] Check Pods Manifest.lock */,
				2FF9DB5722A763CC00307460 /* Sources */,
				2FF9DB5822A763CC00307460 /* Frameworks */,
				2FF9DB5922A763CC00307460 /* Resources */,
				478C24E146B2B1F5BF6A3CBB /* [CP] Embed Pods Frameworks */,
			);
			buildRules = (
			);
			dependencies = (
			);
			name = JJToolKit;
			productName = JJToolKit;
			productReference = 2FF9DB5B22A763CC00307460 /* JJToolKit.app */;
			productType = "com.apple.product-type.application";
		};
/* End PBXNativeTarget section */

/* Begin PBXProject section */
		2FF9DB5322A763CC00307460 /* Project object */ = {
			isa = PBXProject;
			attributes = {
				LastSwiftUpdateCheck = 1020;
				LastUpgradeCheck = 1020;
				ORGANIZATIONNAME = YangJinjian;
				TargetAttributes = {
					2FF9DB5A22A763CC00307460 = {
						CreatedOnToolsVersion = 10.2.1;
					};
				};
			};
			buildConfigurationList = 2FF9DB5622A763CC00307460 /* Build configuration list for PBXProject "JJToolKit" */;
			compatibilityVersion = "Xcode 9.3";
			developmentRegion = en;
			hasScannedForEncodings = 0;
			knownRegions = (
				en,
				Base,
			);
			mainGroup = 2FF9DB5222A763CC00307460;
			productRefGroup = 2FF9DB5C22A763CC00307460 /* Products */;
			projectDirPath = "";
			projectRoot = "";
			targets = (
				2FF9DB5A22A763CC00307460 /* JJToolKit */,
			);
		};
/* End PBXProject section */

/* Begin PBXResourcesBuildPhase section */
		2FF9DB5922A763CC00307460 /* Resources */ = {
			isa = PBXResourcesBuildPhase;
			buildActionMask = 2147483647;
			files = (
				2F9FA3F522B22BF500807DD8 /* JJAdViewController.xib in Resources */,
				2F036B5C22B3844D00DEDD3B /* test_video1.mp4 in Resources */,
				2F9FA3EB22B1F6D800807DD8 /* test_video.mp4 in Resources */,
				2FF9DB6922A763CD00307460 /* LaunchScreen.storyboard in Resources */,
				2FF9DB6622A763CD00307460 /* Assets.xcassets in Resources */,
				2FF9DB6422A763CC00307460 /* Main.storyboard in Resources */,
			);
			runOnlyForDeploymentPostprocessing = 0;
		};
/* End PBXResourcesBuildPhase section */

/* Begin PBXShellScriptBuildPhase section */
		478C24E146B2B1F5BF6A3CBB /* [CP] Embed Pods Frameworks */ = {
			isa = PBXShellScriptBuildPhase;
			buildActionMask = 2147483647;
			files = (
			);
			inputFileListPaths = (
			);
			inputPaths = (
				"${SRCROOT}/Pods/Target Support Files/Pods-JJToolKit/Pods-JJToolKit-frameworks.sh",
				"${BUILT_PRODUCTS_DIR}/CryptoSwift/CryptoSwift.framework",
				"${BUILT_PRODUCTS_DIR}/Kingfisher/Kingfisher.framework",
				"${BUILT_PRODUCTS_DIR}/Player/Player.framework",
				"${BUILT_PRODUCTS_DIR}/SnapKit/SnapKit.framework",
				"${BUILT_PRODUCTS_DIR}/UICircularProgressRing/UICircularProgressRing.framework",
			);
			name = "[CP] Embed Pods Frameworks";
			outputFileListPaths = (
			);
			outputPaths = (
				"${TARGET_BUILD_DIR}/${FRAMEWORKS_FOLDER_PATH}/CryptoSwift.framework",
				"${TARGET_BUILD_DIR}/${FRAMEWORKS_FOLDER_PATH}/Kingfisher.framework",
				"${TARGET_BUILD_DIR}/${FRAMEWORKS_FOLDER_PATH}/Player.framework",
				"${TARGET_BUILD_DIR}/${FRAMEWORKS_FOLDER_PATH}/SnapKit.framework",
				"${TARGET_BUILD_DIR}/${FRAMEWORKS_FOLDER_PATH}/UICircularProgressRing.framework",
			);
			runOnlyForDeploymentPostprocessing = 0;
			shellPath = /bin/sh;
			shellScript = "\"${SRCROOT}/Pods/Target Support Files/Pods-JJToolKit/Pods-JJToolKit-frameworks.sh\"\n";
			showEnvVarsInLog = 0;
		};
		F63F0176DB450B8CE60E0474 /* [CP] Check Pods Manifest.lock */ = {
			isa = PBXShellScriptBuildPhase;
			buildActionMask = 2147483647;
			files = (
			);
			inputFileListPaths = (
			);
			inputPaths = (
				"${PODS_PODFILE_DIR_PATH}/Podfile.lock",
				"${PODS_ROOT}/Manifest.lock",
			);
			name = "[CP] Check Pods Manifest.lock";
			outputFileListPaths = (
			);
			outputPaths = (
				"$(DERIVED_FILE_DIR)/Pods-JJToolKit-checkManifestLockResult.txt",
			);
			runOnlyForDeploymentPostprocessing = 0;
			shellPath = /bin/sh;
			shellScript = "diff \"${PODS_PODFILE_DIR_PATH}/Podfile.lock\" \"${PODS_ROOT}/Manifest.lock\" > /dev/null\nif [ $? != 0 ] ; then\n    # print error to STDERR\n    echo \"error: The sandbox is not in sync with the Podfile.lock. Run 'pod install' or update your CocoaPods installation.\" >&2\n    exit 1\nfi\n# This output is used by Xcode 'outputs' to avoid re-running this script phase.\necho \"SUCCESS\" > \"${SCRIPT_OUTPUT_FILE_0}\"\n";
			showEnvVarsInLog = 0;
		};
/* End PBXShellScriptBuildPhase section */

/* Begin PBXSourcesBuildPhase section */
		2FF9DB5722A763CC00307460 /* Sources */ = {
			isa = PBXSourcesBuildPhase;
			buildActionMask = 2147483647;
			files = (
				2F875D9A22AE386D008B3EB7 /* JJAdModel.swift in Sources */,
				2FF9DB6122A763CC00307460 /* ViewController.swift in Sources */,
				2FF9DB7D22A7A66E00307460 /* JJNotificationConstant.swift in Sources */,
				2FF9DB5F22A763CC00307460 /* AppDelegate.swift in Sources */,
				2FF9DB7422A7671200307460 /* JJCommonConstant.swift in Sources */,
				2F3C1BFC22B08C3300F16EF3 /* JJAdConfig.swift in Sources */,
				2F84F85E22A8FE85005BAAFC /* JJAdCache.swift in Sources */,
				2FF9DB7622A7683A00307460 /* JJDeviceConstant.swift in Sources */,
				2F84F85C22A8F03C005BAAFC /* JJCommonFunc.swift in Sources */,
				2FF4E2E422AF93A000472B79 /* JJExtension.swift in Sources */,
				2F9FA3F422B22BF500807DD8 /* JJAdViewController.swift in Sources */,
				2FF9DB7922A7693800307460 /* JJAdLauncher.swift in Sources */,
			);
			runOnlyForDeploymentPostprocessing = 0;
		};
/* End PBXSourcesBuildPhase section */

/* Begin PBXVariantGroup section */
		2FF9DB6222A763CC00307460 /* Main.storyboard */ = {
			isa = PBXVariantGroup;
			children = (
				2FF9DB6322A763CC00307460 /* Base */,
			);
			name = Main.storyboard;
			sourceTree = "<group>";
		};
		2FF9DB6722A763CD00307460 /* LaunchScreen.storyboard */ = {
			isa = PBXVariantGroup;
			children = (
				2FF9DB6822A763CD00307460 /* Base */,
			);
			name = LaunchScreen.storyboard;
			sourceTree = "<group>";
		};
/* End PBXVariantGroup section */

/* Begin XCBuildConfiguration section */
		2FF9DB6B22A763CD00307460 /* Debug */ = {
			isa = XCBuildConfiguration;
			buildSettings = {
				ALWAYS_SEARCH_USER_PATHS = NO;
				CLANG_ANALYZER_NONNULL = YES;
				CLANG_ANALYZER_NUMBER_OBJECT_CONVERSION = YES_AGGRESSIVE;
				CLANG_CXX_LANGUAGE_STANDARD = "gnu++14";
				CLANG_CXX_LIBRARY = "libc++";
				CLANG_ENABLE_MODULES = YES;
				CLANG_ENABLE_OBJC_ARC = YES;
				CLANG_ENABLE_OBJC_WEAK = YES;
				CLANG_WARN_BLOCK_CAPTURE_AUTORELEASING = YES;
				CLANG_WARN_BOOL_CONVERSION = YES;
				CLANG_WARN_COMMA = YES;
				CLANG_WARN_CONSTANT_CONVERSION = YES;
				CLANG_WARN_DEPRECATED_OBJC_IMPLEMENTATIONS = YES;
				CLANG_WARN_DIRECT_OBJC_ISA_USAGE = YES_ERROR;
				CLANG_WARN_DOCUMENTATION_COMMENTS = YES;
				CLANG_WARN_EMPTY_BODY = YES;
				CLANG_WARN_ENUM_CONVERSION = YES;
				CLANG_WARN_INFINITE_RECURSION = YES;
				CLANG_WARN_INT_CONVERSION = YES;
				CLANG_WARN_NON_LITERAL_NULL_CONVERSION = YES;
				CLANG_WARN_OBJC_IMPLICIT_RETAIN_SELF = YES;
				CLANG_WARN_OBJC_LITERAL_CONVERSION = YES;
				CLANG_WARN_OBJC_ROOT_CLASS = YES_ERROR;
				CLANG_WARN_RANGE_LOOP_ANALYSIS = YES;
				CLANG_WARN_STRICT_PROTOTYPES = YES;
				CLANG_WARN_SUSPICIOUS_MOVE = YES;
				CLANG_WARN_UNGUARDED_AVAILABILITY = YES_AGGRESSIVE;
				CLANG_WARN_UNREACHABLE_CODE = YES;
				CLANG_WARN__DUPLICATE_METHOD_MATCH = YES;
				CODE_SIGN_IDENTITY = "iPhone Developer";
				COPY_PHASE_STRIP = NO;
				DEBUG_INFORMATION_FORMAT = dwarf;
				ENABLE_STRICT_OBJC_MSGSEND = YES;
				ENABLE_TESTABILITY = YES;
				GCC_C_LANGUAGE_STANDARD = gnu11;
				GCC_DYNAMIC_NO_PIC = NO;
				GCC_NO_COMMON_BLOCKS = YES;
				GCC_OPTIMIZATION_LEVEL = 0;
				GCC_PREPROCESSOR_DEFINITIONS = (
					"DEBUG=1",
					"$(inherited)",
				);
				GCC_WARN_64_TO_32_BIT_CONVERSION = YES;
				GCC_WARN_ABOUT_RETURN_TYPE = YES_ERROR;
				GCC_WARN_UNDECLARED_SELECTOR = YES;
				GCC_WARN_UNINITIALIZED_AUTOS = YES_AGGRESSIVE;
				GCC_WARN_UNUSED_FUNCTION = YES;
				GCC_WARN_UNUSED_VARIABLE = YES;
				IPHONEOS_DEPLOYMENT_TARGET = 12.2;
				MTL_ENABLE_DEBUG_INFO = INCLUDE_SOURCE;
				MTL_FAST_MATH = YES;
				ONLY_ACTIVE_ARCH = YES;
				SDKROOT = iphoneos;
				SWIFT_ACTIVE_COMPILATION_CONDITIONS = DEBUG;
				SWIFT_OPTIMIZATION_LEVEL = "-Onone";
			};
			name = Debug;
		};
		2FF9DB6C22A763CD00307460 /* Release */ = {
			isa = XCBuildConfiguration;
			buildSettings = {
				ALWAYS_SEARCH_USER_PATHS = NO;
				CLANG_ANALYZER_NONNULL = YES;
				CLANG_ANALYZER_NUMBER_OBJECT_CONVERSION = YES_AGGRESSIVE;
				CLANG_CXX_LANGUAGE_STANDARD = "gnu++14";
				CLANG_CXX_LIBRARY = "libc++";
				CLANG_ENABLE_MODULES = YES;
				CLANG_ENABLE_OBJC_ARC = YES;
				CLANG_ENABLE_OBJC_WEAK = YES;
				CLANG_WARN_BLOCK_CAPTURE_AUTORELEASING = YES;
				CLANG_WARN_BOOL_CONVERSION = YES;
				CLANG_WARN_COMMA = YES;
				CLANG_WARN_CONSTANT_CONVERSION = YES;
				CLANG_WARN_DEPRECATED_OBJC_IMPLEMENTATIONS = YES;
				CLANG_WARN_DIRECT_OBJC_ISA_USAGE = YES_ERROR;
				CLANG_WARN_DOCUMENTATION_COMMENTS = YES;
				CLANG_WARN_EMPTY_BODY = YES;
				CLANG_WARN_ENUM_CONVERSION = YES;
				CLANG_WARN_INFINITE_RECURSION = YES;
				CLANG_WARN_INT_CONVERSION = YES;
				CLANG_WARN_NON_LITERAL_NULL_CONVERSION = YES;
				CLANG_WARN_OBJC_IMPLICIT_RETAIN_SELF = YES;
				CLANG_WARN_OBJC_LITERAL_CONVERSION = YES;
				CLANG_WARN_OBJC_ROOT_CLASS = YES_ERROR;
				CLANG_WARN_RANGE_LOOP_ANALYSIS = YES;
				CLANG_WARN_STRICT_PROTOTYPES = YES;
				CLANG_WARN_SUSPICIOUS_MOVE = YES;
				CLANG_WARN_UNGUARDED_AVAILABILITY = YES_AGGRESSIVE;
				CLANG_WARN_UNREACHABLE_CODE = YES;
				CLANG_WARN__DUPLICATE_METHOD_MATCH = YES;
				CODE_SIGN_IDENTITY = "iPhone Developer";
				COPY_PHASE_STRIP = NO;
				DEBUG_INFORMATION_FORMAT = "dwarf-with-dsym";
				ENABLE_NS_ASSERTIONS = NO;
				ENABLE_STRICT_OBJC_MSGSEND = YES;
				GCC_C_LANGUAGE_STANDARD = gnu11;
				GCC_NO_COMMON_BLOCKS = YES;
				GCC_WARN_64_TO_32_BIT_CONVERSION = YES;
				GCC_WARN_ABOUT_RETURN_TYPE = YES_ERROR;
				GCC_WARN_UNDECLARED_SELECTOR = YES;
				GCC_WARN_UNINITIALIZED_AUTOS = YES_AGGRESSIVE;
				GCC_WARN_UNUSED_FUNCTION = YES;
				GCC_WARN_UNUSED_VARIABLE = YES;
				IPHONEOS_DEPLOYMENT_TARGET = 12.2;
				MTL_ENABLE_DEBUG_INFO = NO;
				MTL_FAST_MATH = YES;
				SDKROOT = iphoneos;
				SWIFT_COMPILATION_MODE = wholemodule;
				SWIFT_OPTIMIZATION_LEVEL = "-O";
				VALIDATE_PRODUCT = YES;
			};
			name = Release;
		};
		2FF9DB6E22A763CD00307460 /* Debug */ = {
			isa = XCBuildConfiguration;
			baseConfigurationReference = 7213080577E5E6BAB6FA1D6C /* Pods-JJToolKit.debug.xcconfig */;
			buildSettings = {
				ASSETCATALOG_COMPILER_APPICON_NAME = AppIcon;
				CODE_SIGN_STYLE = Automatic;
				DEVELOPMENT_TEAM = 98BH637KF5;
				INFOPLIST_FILE = JJToolKit/Info.plist;
				IPHONEOS_DEPLOYMENT_TARGET = 10.0;
				LD_RUNPATH_SEARCH_PATHS = (
					"$(inherited)",
					"@executable_path/Frameworks",
				);
				PRODUCT_BUNDLE_IDENTIFIER = com.qingdaonews.JJToolKit;
				PRODUCT_NAME = "$(TARGET_NAME)";
				SWIFT_VERSION = 5.0;
				TARGETED_DEVICE_FAMILY = 1;
			};
			name = Debug;
		};
		2FF9DB6F22A763CD00307460 /* Release */ = {
			isa = XCBuildConfiguration;
			baseConfigurationReference = 130C7A673EAB1C496A87968B /* Pods-JJToolKit.release.xcconfig */;
			buildSettings = {
				ASSETCATALOG_COMPILER_APPICON_NAME = AppIcon;
				CODE_SIGN_STYLE = Automatic;
				DEVELOPMENT_TEAM = 98BH637KF5;
				INFOPLIST_FILE = JJToolKit/Info.plist;
				IPHONEOS_DEPLOYMENT_TARGET = 10.0;
				LD_RUNPATH_SEARCH_PATHS = (
					"$(inherited)",
					"@executable_path/Frameworks",
				);
				PRODUCT_BUNDLE_IDENTIFIER = com.qingdaonews.JJToolKit;
				PRODUCT_NAME = "$(TARGET_NAME)";
				SWIFT_VERSION = 5.0;
				TARGETED_DEVICE_FAMILY = 1;
			};
			name = Release;
		};
/* End XCBuildConfiguration section */

/* Begin XCConfigurationList section */
		2FF9DB5622A763CC00307460 /* Build configuration list for PBXProject "JJToolKit" */ = {
			isa = XCConfigurationList;
			buildConfigurations = (
				2FF9DB6B22A763CD00307460 /* Debug */,
				2FF9DB6C22A763CD00307460 /* Release */,
			);
			defaultConfigurationIsVisible = 0;
			defaultConfigurationName = Release;
		};
		2FF9DB6D22A763CD00307460 /* Build configuration list for PBXNativeTarget "JJToolKit" */ = {
			isa = XCConfigurationList;
			buildConfigurations = (
				2FF9DB6E22A763CD00307460 /* Debug */,
				2FF9DB6F22A763CD00307460 /* Release */,
			);
			defaultConfigurationIsVisible = 0;
			defaultConfigurationName = Release;
		};
/* End XCConfigurationList section */
	};
	rootObject = 2FF9DB5322A763CC00307460 /* Project object */;
}
